// !$*UTF8*$!
{
	archiveVersion = 1;
	classes = {
	};
	objectVersion = 46;
	objects = {

/* Begin PBXBuildFile section */
		8712E6391A3BDDE4009B6792 /* RECommonFunctions.m in Sources */ = {isa = PBXBuildFile; fileRef = 8712E6341A3BDDE4009B6792 /* RECommonFunctions.m */; };
		8712E63A1A3BDDE4009B6792 /* RESideMenu.m in Sources */ = {isa = PBXBuildFile; fileRef = 8712E6361A3BDDE4009B6792 /* RESideMenu.m */; };
		8712E63B1A3BDDE4009B6792 /* UIViewController+RESideMenu.m in Sources */ = {isa = PBXBuildFile; fileRef = 8712E6381A3BDDE4009B6792 /* UIViewController+RESideMenu.m */; };
		8712E6411A3BDF56009B6792 /* LeftMenuViewController.m in Sources */ = {isa = PBXBuildFile; fileRef = 8712E6401A3BDF56009B6792 /* LeftMenuViewController.m */; };
		873858131A3600BB000E4B32 /* main.m in Sources */ = {isa = PBXBuildFile; fileRef = 873858121A3600BB000E4B32 /* main.m */; };
		873858161A3600BB000E4B32 /* AppDelegate.m in Sources */ = {isa = PBXBuildFile; fileRef = 873858151A3600BB000E4B32 /* AppDelegate.m */; };
		8738581C1A3600BB000E4B32 /* Main.storyboard in Resources */ = {isa = PBXBuildFile; fileRef = 8738581A1A3600BB000E4B32 /* Main.storyboard */; };
		8738581E1A3600BB000E4B32 /* Images.xcassets in Resources */ = {isa = PBXBuildFile; fileRef = 8738581D1A3600BB000E4B32 /* Images.xcassets */; };
		873858211A3600BB000E4B32 /* LaunchScreen.xib in Resources */ = {isa = PBXBuildFile; fileRef = 8738581F1A3600BB000E4B32 /* LaunchScreen.xib */; };
		8738582D1A3600BB000E4B32 /* SimonArtTests.m in Sources */ = {isa = PBXBuildFile; fileRef = 8738582C1A3600BB000E4B32 /* SimonArtTests.m */; };
		8743AD961A4E15D80060951B /* ContentViewController.m in Sources */ = {isa = PBXBuildFile; fileRef = 8743AD951A4E15D80060951B /* ContentViewController.m */; };
		8743AE101A4E44810060951B /* IntroLoadingVIew.m in Sources */ = {isa = PBXBuildFile; fileRef = 8743AE0F1A4E44810060951B /* IntroLoadingVIew.m */; };
		8753480C1A36880D00C55864 /* InstagramTableViewController.m in Sources */ = {isa = PBXBuildFile; fileRef = 8753480B1A36880D00C55864 /* InstagramTableViewController.m */; };
		8753480F1A36890900C55864 /* InstagramTableViewCell.m in Sources */ = {isa = PBXBuildFile; fileRef = 8753480E1A36890900C55864 /* InstagramTableViewCell.m */; };
		875348121A36897100C55864 /* InstagramClient.m in Sources */ = {isa = PBXBuildFile; fileRef = 875348111A36897100C55864 /* InstagramClient.m */; };
		875348151A368B2200C55864 /* InstagramPhoto.m in Sources */ = {isa = PBXBuildFile; fileRef = 875348141A368B2200C55864 /* InstagramPhoto.m */; };
		875794CA1A3C07120073B429 /* SideBarRootViewController.m in Sources */ = {isa = PBXBuildFile; fileRef = 875794C91A3C07120073B429 /* SideBarRootViewController.m */; };
		875794CD1A3E2AC20073B429 /* ProfileViewController.m in Sources */ = {isa = PBXBuildFile; fileRef = 875794CC1A3E2AC20073B429 /* ProfileViewController.m */; };
		875794D01A3E36FE0073B429 /* ShareView.m in Sources */ = {isa = PBXBuildFile; fileRef = 875794CF1A3E36FE0073B429 /* ShareView.m */; };
		875794D31A3F7C580073B429 /* ContactViewController.m in Sources */ = {isa = PBXBuildFile; fileRef = 875794D21A3F7C580073B429 /* ContactViewController.m */; };
		876EE59E1A43769700036D57 /* ResumeDetailViewController.m in Sources */ = {isa = PBXBuildFile; fileRef = 876EE59D1A43769700036D57 /* ResumeDetailViewController.m */; };
		87B9AFD41A47064300B8F3F4 /* ResumePDFViewController.m in Sources */ = {isa = PBXBuildFile; fileRef = 87B9AFD31A47064300B8F3F4 /* ResumePDFViewController.m */; };
		87C404461A38BB730099AC9F /* CustomShareButton.m in Sources */ = {isa = PBXBuildFile; fileRef = 87C404451A38BB730099AC9F /* CustomShareButton.m */; };
		87C404951A38E5690099AC9F /* Pinterest.framework in Frameworks */ = {isa = PBXBuildFile; fileRef = 87C404921A38E5690099AC9F /* Pinterest.framework */; };
		87C404961A38E5690099AC9F /* PinterestSDKResources.bundle in Resources */ = {isa = PBXBuildFile; fileRef = 87C404941A38E5690099AC9F /* PinterestSDKResources.bundle */; };
		87C4049B1A38EAAF0099AC9F /* FacebookSDK.framework in Frameworks */ = {isa = PBXBuildFile; fileRef = 87C4049A1A38EAAF0099AC9F /* FacebookSDK.framework */; };
		87C4049F1A38FA4F0099AC9F /* Social.framework in Frameworks */ = {isa = PBXBuildFile; fileRef = 87C4049E1A38FA4F0099AC9F /* Social.framework */; };
		87CCDCD11A4CE306007B74CD /* SquareSpaceClient.m in Sources */ = {isa = PBXBuildFile; fileRef = 87CCDCD01A4CE306007B74CD /* SquareSpaceClient.m */; };
		87CCDCD41A4CE577007B74CD /* SquarePhoto.m in Sources */ = {isa = PBXBuildFile; fileRef = 87CCDCD31A4CE577007B74CD /* SquarePhoto.m */; };
		87CCDCD71A4CF32D007B74CD /* PortfolioTableViewController.m in Sources */ = {isa = PBXBuildFile; fileRef = 87CCDCD61A4CF32D007B74CD /* PortfolioTableViewController.m */; };
		87CCDCDA1A4CF5DD007B74CD /* SquareSpaceTableViewCell.m in Sources */ = {isa = PBXBuildFile; fileRef = 87CCDCD91A4CF5DD007B74CD /* SquareSpaceTableViewCell.m */; };
		87CCDCDD1A4D09EB007B74CD /* SketchBookTableViewController.m in Sources */ = {isa = PBXBuildFile; fileRef = 87CCDCDC1A4D09EB007B74CD /* SketchBookTableViewController.m */; };
		87CCDCE01A4D0A0A007B74CD /* SketchBookClient.m in Sources */ = {isa = PBXBuildFile; fileRef = 87CCDCDF1A4D0A0A007B74CD /* SketchBookClient.m */; };
/* End PBXBuildFile section */

/* Begin PBXContainerItemProxy section */
		873858271A3600BB000E4B32 /* PBXContainerItemProxy */ = {
			isa = PBXContainerItemProxy;
			containerPortal = 873858051A3600BB000E4B32 /* Project object */;
			proxyType = 1;
			remoteGlobalIDString = 8738580C1A3600BB000E4B32;
			remoteInfo = SimonArt;
		};
/* End PBXContainerItemProxy section */

/* Begin PBXFileReference section */
		8712E6331A3BDDE4009B6792 /* RECommonFunctions.h */ = {isa = PBXFileReference; fileEncoding = 4; lastKnownFileType = sourcecode.c.h; path = RECommonFunctions.h; sourceTree = "<group>"; };
		8712E6341A3BDDE4009B6792 /* RECommonFunctions.m */ = {isa = PBXFileReference; fileEncoding = 4; lastKnownFileType = sourcecode.c.objc; path = RECommonFunctions.m; sourceTree = "<group>"; };
		8712E6351A3BDDE4009B6792 /* RESideMenu.h */ = {isa = PBXFileReference; fileEncoding = 4; lastKnownFileType = sourcecode.c.h; path = RESideMenu.h; sourceTree = "<group>"; };
		8712E6361A3BDDE4009B6792 /* RESideMenu.m */ = {isa = PBXFileReference; fileEncoding = 4; lastKnownFileType = sourcecode.c.objc; path = RESideMenu.m; sourceTree = "<group>"; };
		8712E6371A3BDDE4009B6792 /* UIViewController+RESideMenu.h */ = {isa = PBXFileReference; fileEncoding = 4; lastKnownFileType = sourcecode.c.h; path = "UIViewController+RESideMenu.h"; sourceTree = "<group>"; };
		8712E6381A3BDDE4009B6792 /* UIViewController+RESideMenu.m */ = {isa = PBXFileReference; fileEncoding = 4; lastKnownFileType = sourcecode.c.objc; path = "UIViewController+RESideMenu.m"; sourceTree = "<group>"; };
		8712E63F1A3BDF56009B6792 /* LeftMenuViewController.h */ = {isa = PBXFileReference; fileEncoding = 4; lastKnownFileType = sourcecode.c.h; path = LeftMenuViewController.h; sourceTree = "<group>"; };
		8712E6401A3BDF56009B6792 /* LeftMenuViewController.m */ = {isa = PBXFileReference; fileEncoding = 4; lastKnownFileType = sourcecode.c.objc; path = LeftMenuViewController.m; sourceTree = "<group>"; };
		8738580D1A3600BB000E4B32 /* SimonArt.app */ = {isa = PBXFileReference; explicitFileType = wrapper.application; includeInIndex = 0; path = SimonArt.app; sourceTree = BUILT_PRODUCTS_DIR; };
		873858111A3600BB000E4B32 /* Info.plist */ = {isa = PBXFileReference; lastKnownFileType = text.plist.xml; path = Info.plist; sourceTree = "<group>"; };
		873858121A3600BB000E4B32 /* main.m */ = {isa = PBXFileReference; lastKnownFileType = sourcecode.c.objc; path = main.m; sourceTree = "<group>"; };
		873858141A3600BB000E4B32 /* AppDelegate.h */ = {isa = PBXFileReference; lastKnownFileType = sourcecode.c.h; path = AppDelegate.h; sourceTree = "<group>"; };
		873858151A3600BB000E4B32 /* AppDelegate.m */ = {isa = PBXFileReference; lastKnownFileType = sourcecode.c.objc; path = AppDelegate.m; sourceTree = "<group>"; };
		8738581B1A3600BB000E4B32 /* Base */ = {isa = PBXFileReference; lastKnownFileType = file.storyboard; name = Base; path = Base.lproj/Main.storyboard; sourceTree = "<group>"; };
		8738581D1A3600BB000E4B32 /* Images.xcassets */ = {isa = PBXFileReference; lastKnownFileType = folder.assetcatalog; path = Images.xcassets; sourceTree = "<group>"; };
		873858201A3600BB000E4B32 /* Base */ = {isa = PBXFileReference; lastKnownFileType = file.xib; name = Base; path = Base.lproj/LaunchScreen.xib; sourceTree = "<group>"; };
		873858261A3600BB000E4B32 /* SimonArtTests.xctest */ = {isa = PBXFileReference; explicitFileType = wrapper.cfbundle; includeInIndex = 0; path = SimonArtTests.xctest; sourceTree = BUILT_PRODUCTS_DIR; };
		8738582B1A3600BB000E4B32 /* Info.plist */ = {isa = PBXFileReference; lastKnownFileType = text.plist.xml; path = Info.plist; sourceTree = "<group>"; };
		8738582C1A3600BB000E4B32 /* SimonArtTests.m */ = {isa = PBXFileReference; lastKnownFileType = sourcecode.c.objc; path = SimonArtTests.m; sourceTree = "<group>"; };
		8743AD941A4E15D80060951B /* ContentViewController.h */ = {isa = PBXFileReference; fileEncoding = 4; lastKnownFileType = sourcecode.c.h; path = ContentViewController.h; sourceTree = "<group>"; };
		8743AD951A4E15D80060951B /* ContentViewController.m */ = {isa = PBXFileReference; fileEncoding = 4; lastKnownFileType = sourcecode.c.objc; path = ContentViewController.m; sourceTree = "<group>"; };
		8743AE0E1A4E44810060951B /* IntroLoadingVIew.h */ = {isa = PBXFileReference; fileEncoding = 4; lastKnownFileType = sourcecode.c.h; path = IntroLoadingVIew.h; sourceTree = "<group>"; };
		8743AE0F1A4E44810060951B /* IntroLoadingVIew.m */ = {isa = PBXFileReference; fileEncoding = 4; lastKnownFileType = sourcecode.c.objc; path = IntroLoadingVIew.m; sourceTree = "<group>"; };
		8753480A1A36880D00C55864 /* InstagramTableViewController.h */ = {isa = PBXFileReference; fileEncoding = 4; lastKnownFileType = sourcecode.c.h; path = InstagramTableViewController.h; sourceTree = "<group>"; };
		8753480B1A36880D00C55864 /* InstagramTableViewController.m */ = {isa = PBXFileReference; fileEncoding = 4; lastKnownFileType = sourcecode.c.objc; path = InstagramTableViewController.m; sourceTree = "<group>"; };
		8753480D1A36890900C55864 /* InstagramTableViewCell.h */ = {isa = PBXFileReference; fileEncoding = 4; lastKnownFileType = sourcecode.c.h; path = InstagramTableViewCell.h; sourceTree = "<group>"; };
		8753480E1A36890900C55864 /* InstagramTableViewCell.m */ = {isa = PBXFileReference; fileEncoding = 4; lastKnownFileType = sourcecode.c.objc; path = InstagramTableViewCell.m; sourceTree = "<group>"; };
		875348101A36897100C55864 /* InstagramClient.h */ = {isa = PBXFileReference; fileEncoding = 4; lastKnownFileType = sourcecode.c.h; path = InstagramClient.h; sourceTree = "<group>"; };
		875348111A36897100C55864 /* InstagramClient.m */ = {isa = PBXFileReference; fileEncoding = 4; lastKnownFileType = sourcecode.c.objc; path = InstagramClient.m; sourceTree = "<group>"; };
		875348131A368B2200C55864 /* InstagramPhoto.h */ = {isa = PBXFileReference; fileEncoding = 4; lastKnownFileType = sourcecode.c.h; path = InstagramPhoto.h; sourceTree = "<group>"; };
		875348141A368B2200C55864 /* InstagramPhoto.m */ = {isa = PBXFileReference; fileEncoding = 4; lastKnownFileType = sourcecode.c.objc; path = InstagramPhoto.m; sourceTree = "<group>"; };
		875794C81A3C07120073B429 /* SideBarRootViewController.h */ = {isa = PBXFileReference; fileEncoding = 4; lastKnownFileType = sourcecode.c.h; path = SideBarRootViewController.h; sourceTree = "<group>"; };
		875794C91A3C07120073B429 /* SideBarRootViewController.m */ = {isa = PBXFileReference; fileEncoding = 4; lastKnownFileType = sourcecode.c.objc; path = SideBarRootViewController.m; sourceTree = "<group>"; };
		875794CB1A3E2AC20073B429 /* ProfileViewController.h */ = {isa = PBXFileReference; fileEncoding = 4; lastKnownFileType = sourcecode.c.h; path = ProfileViewController.h; sourceTree = "<group>"; };
		875794CC1A3E2AC20073B429 /* ProfileViewController.m */ = {isa = PBXFileReference; fileEncoding = 4; lastKnownFileType = sourcecode.c.objc; path = ProfileViewController.m; sourceTree = "<group>"; };
		875794CE1A3E36FE0073B429 /* ShareView.h */ = {isa = PBXFileReference; fileEncoding = 4; lastKnownFileType = sourcecode.c.h; path = ShareView.h; sourceTree = "<group>"; };
		875794CF1A3E36FE0073B429 /* ShareView.m */ = {isa = PBXFileReference; fileEncoding = 4; lastKnownFileType = sourcecode.c.objc; path = ShareView.m; sourceTree = "<group>"; };
		875794D11A3F7C580073B429 /* ContactViewController.h */ = {isa = PBXFileReference; fileEncoding = 4; lastKnownFileType = sourcecode.c.h; path = ContactViewController.h; sourceTree = "<group>"; };
		875794D21A3F7C580073B429 /* ContactViewController.m */ = {isa = PBXFileReference; fileEncoding = 4; lastKnownFileType = sourcecode.c.objc; path = ContactViewController.m; sourceTree = "<group>"; };
		876EE59C1A43769700036D57 /* ResumeDetailViewController.h */ = {isa = PBXFileReference; fileEncoding = 4; lastKnownFileType = sourcecode.c.h; path = ResumeDetailViewController.h; sourceTree = "<group>"; };
		876EE59D1A43769700036D57 /* ResumeDetailViewController.m */ = {isa = PBXFileReference; fileEncoding = 4; lastKnownFileType = sourcecode.c.objc; path = ResumeDetailViewController.m; sourceTree = "<group>"; };
		87B9AFD21A47064300B8F3F4 /* ResumePDFViewController.h */ = {isa = PBXFileReference; fileEncoding = 4; lastKnownFileType = sourcecode.c.h; path = ResumePDFViewController.h; sourceTree = "<group>"; };
		87B9AFD31A47064300B8F3F4 /* ResumePDFViewController.m */ = {isa = PBXFileReference; fileEncoding = 4; lastKnownFileType = sourcecode.c.objc; path = ResumePDFViewController.m; sourceTree = "<group>"; };
		87C404441A38BB730099AC9F /* CustomShareButton.h */ = {isa = PBXFileReference; fileEncoding = 4; lastKnownFileType = sourcecode.c.h; path = CustomShareButton.h; sourceTree = "<group>"; };
		87C404451A38BB730099AC9F /* CustomShareButton.m */ = {isa = PBXFileReference; fileEncoding = 4; lastKnownFileType = sourcecode.c.objc; path = CustomShareButton.m; sourceTree = "<group>"; };
		87C404921A38E5690099AC9F /* Pinterest.framework */ = {isa = PBXFileReference; lastKnownFileType = wrapper.framework; path = Pinterest.framework; sourceTree = "<group>"; };
		87C404941A38E5690099AC9F /* PinterestSDKResources.bundle */ = {isa = PBXFileReference; lastKnownFileType = "wrapper.plug-in"; path = PinterestSDKResources.bundle; sourceTree = "<group>"; };
		87C4049A1A38EAAF0099AC9F /* FacebookSDK.framework */ = {isa = PBXFileReference; lastKnownFileType = wrapper.framework; path = FacebookSDK.framework; sourceTree = "<group>"; };
		87C4049E1A38FA4F0099AC9F /* Social.framework */ = {isa = PBXFileReference; lastKnownFileType = wrapper.framework; name = Social.framework; path = System/Library/Frameworks/Social.framework; sourceTree = SDKROOT; };
		87CCDCCF1A4CE306007B74CD /* SquareSpaceClient.h */ = {isa = PBXFileReference; fileEncoding = 4; lastKnownFileType = sourcecode.c.h; path = SquareSpaceClient.h; sourceTree = "<group>"; };
		87CCDCD01A4CE306007B74CD /* SquareSpaceClient.m */ = {isa = PBXFileReference; fileEncoding = 4; lastKnownFileType = sourcecode.c.objc; path = SquareSpaceClient.m; sourceTree = "<group>"; };
		87CCDCD21A4CE577007B74CD /* SquarePhoto.h */ = {isa = PBXFileReference; fileEncoding = 4; lastKnownFileType = sourcecode.c.h; path = SquarePhoto.h; sourceTree = "<group>"; };
		87CCDCD31A4CE577007B74CD /* SquarePhoto.m */ = {isa = PBXFileReference; fileEncoding = 4; lastKnownFileType = sourcecode.c.objc; path = SquarePhoto.m; sourceTree = "<group>"; };
		87CCDCD51A4CF32D007B74CD /* PortfolioTableViewController.h */ = {isa = PBXFileReference; fileEncoding = 4; lastKnownFileType = sourcecode.c.h; path = PortfolioTableViewController.h; sourceTree = "<group>"; };
		87CCDCD61A4CF32D007B74CD /* PortfolioTableViewController.m */ = {isa = PBXFileReference; fileEncoding = 4; lastKnownFileType = sourcecode.c.objc; path = PortfolioTableViewController.m; sourceTree = "<group>"; };
		87CCDCD81A4CF5DD007B74CD /* SquareSpaceTableViewCell.h */ = {isa = PBXFileReference; fileEncoding = 4; lastKnownFileType = sourcecode.c.h; path = SquareSpaceTableViewCell.h; sourceTree = "<group>"; };
		87CCDCD91A4CF5DD007B74CD /* SquareSpaceTableViewCell.m */ = {isa = PBXFileReference; fileEncoding = 4; lastKnownFileType = sourcecode.c.objc; path = SquareSpaceTableViewCell.m; sourceTree = "<group>"; };
		87CCDCDB1A4D09EB007B74CD /* SketchBookTableViewController.h */ = {isa = PBXFileReference; fileEncoding = 4; lastKnownFileType = sourcecode.c.h; path = SketchBookTableViewController.h; sourceTree = "<group>"; };
		87CCDCDC1A4D09EB007B74CD /* SketchBookTableViewController.m */ = {isa = PBXFileReference; fileEncoding = 4; lastKnownFileType = sourcecode.c.objc; path = SketchBookTableViewController.m; sourceTree = "<group>"; };
		87CCDCDE1A4D0A0A007B74CD /* SketchBookClient.h */ = {isa = PBXFileReference; fileEncoding = 4; lastKnownFileType = sourcecode.c.h; path = SketchBookClient.h; sourceTree = "<group>"; };
		87CCDCDF1A4D0A0A007B74CD /* SketchBookClient.m */ = {isa = PBXFileReference; fileEncoding = 4; lastKnownFileType = sourcecode.c.objc; path = SketchBookClient.m; sourceTree = "<group>"; };
/* End PBXFileReference section */

/* Begin PBXFrameworksBuildPhase section */
		8738580A1A3600BB000E4B32 /* Frameworks */ = {
			isa = PBXFrameworksBuildPhase;
			buildActionMask = 2147483647;
			files = (
				87C4049F1A38FA4F0099AC9F /* Social.framework in Frameworks */,
				87C404951A38E5690099AC9F /* Pinterest.framework in Frameworks */,
				87C4049B1A38EAAF0099AC9F /* FacebookSDK.framework in Frameworks */,
			);
			runOnlyForDeploymentPostprocessing = 0;
		};
		873858231A3600BB000E4B32 /* Frameworks */ = {
			isa = PBXFrameworksBuildPhase;
			buildActionMask = 2147483647;
			files = (
			);
			runOnlyForDeploymentPostprocessing = 0;
		};
/* End PBXFrameworksBuildPhase section */

/* Begin PBXGroup section */
		8712E6321A3BDDE4009B6792 /* RESideMenu */ = {
			isa = PBXGroup;
			children = (
				8712E6331A3BDDE4009B6792 /* RECommonFunctions.h */,
				8712E6341A3BDDE4009B6792 /* RECommonFunctions.m */,
				8712E6351A3BDDE4009B6792 /* RESideMenu.h */,
				8712E6361A3BDDE4009B6792 /* RESideMenu.m */,
				8712E6371A3BDDE4009B6792 /* UIViewController+RESideMenu.h */,
				8712E6381A3BDDE4009B6792 /* UIViewController+RESideMenu.m */,
			);
			path = RESideMenu;
			sourceTree = "<group>";
		};
		873858041A3600BB000E4B32 = {
			isa = PBXGroup;
			children = (
				87C4049E1A38FA4F0099AC9F /* Social.framework */,
				8738580F1A3600BB000E4B32 /* SimonArt */,
				873858291A3600BB000E4B32 /* SimonArtTests */,
				8738580E1A3600BB000E4B32 /* Products */,
				87C404911A38E5690099AC9F /* Pinterest.embeddedframework */,
			);
			sourceTree = "<group>";
		};
		8738580E1A3600BB000E4B32 /* Products */ = {
			isa = PBXGroup;
			children = (
				8738580D1A3600BB000E4B32 /* SimonArt.app */,
				873858261A3600BB000E4B32 /* SimonArtTests.xctest */,
			);
			name = Products;
			sourceTree = "<group>";
		};
		8738580F1A3600BB000E4B32 /* SimonArt */ = {
			isa = PBXGroup;
			children = (
				873858141A3600BB000E4B32 /* AppDelegate.h */,
				873858151A3600BB000E4B32 /* AppDelegate.m */,
				8743AE0E1A4E44810060951B /* IntroLoadingVIew.h */,
				8743AE0F1A4E44810060951B /* IntroLoadingVIew.m */,
				87CCDCE11A4D12EF007B74CD /* InstagramTableViewController */,
				87CCDCE61A4D20CF007B74CD /* PortfolioTableViewController */,
				87CCDCE51A4D18E4007B74CD /* ProfileVIewController */,
				87CCDCE31A4D188E007B74CD /* Networking */,
				87CCDCE21A4D133C007B74CD /* SketchBookTableViewController */,
				87CCDCD21A4CE577007B74CD /* SquarePhoto.h */,
				87CCDCD31A4CE577007B74CD /* SquarePhoto.m */,
				875794D11A3F7C580073B429 /* ContactViewController.h */,
				875794D21A3F7C580073B429 /* ContactViewController.m */,
				87C404441A38BB730099AC9F /* CustomShareButton.h */,
				87C404451A38BB730099AC9F /* CustomShareButton.m */,
				87CCDCE41A4D18B1007B74CD /* SideBar */,
				87CCDCD81A4CF5DD007B74CD /* SquareSpaceTableViewCell.h */,
				87CCDCD91A4CF5DD007B74CD /* SquareSpaceTableViewCell.m */,
				8712E6321A3BDDE4009B6792 /* RESideMenu */,
				8738581A1A3600BB000E4B32 /* Main.storyboard */,
				8743AD941A4E15D80060951B /* ContentViewController.h */,
				8743AD951A4E15D80060951B /* ContentViewController.m */,
				875794CE1A3E36FE0073B429 /* ShareView.h */,
				875794CF1A3E36FE0073B429 /* ShareView.m */,
				8738581D1A3600BB000E4B32 /* Images.xcassets */,
				8738581F1A3600BB000E4B32 /* LaunchScreen.xib */,
				87C4049A1A38EAAF0099AC9F /* FacebookSDK.framework */,
				873858101A3600BB000E4B32 /* Supporting Files */,
			);
			path = SimonArt;
			sourceTree = "<group>";
		};
		873858101A3600BB000E4B32 /* Supporting Files */ = {
			isa = PBXGroup;
			children = (
				873858111A3600BB000E4B32 /* Info.plist */,
				873858121A3600BB000E4B32 /* main.m */,
			);
			name = "Supporting Files";
			sourceTree = "<group>";
		};
		873858291A3600BB000E4B32 /* SimonArtTests */ = {
			isa = PBXGroup;
			children = (
				8738582C1A3600BB000E4B32 /* SimonArtTests.m */,
				8738582A1A3600BB000E4B32 /* Supporting Files */,
			);
			path = SimonArtTests;
			sourceTree = "<group>";
		};
		8738582A1A3600BB000E4B32 /* Supporting Files */ = {
			isa = PBXGroup;
			children = (
				8738582B1A3600BB000E4B32 /* Info.plist */,
			);
			name = "Supporting Files";
			sourceTree = "<group>";
		};
		87C404911A38E5690099AC9F /* Pinterest.embeddedframework */ = {
			isa = PBXGroup;
			children = (
				87C404921A38E5690099AC9F /* Pinterest.framework */,
				87C404931A38E5690099AC9F /* Resources */,
			);
			path = Pinterest.embeddedframework;
			sourceTree = "<group>";
		};
		87C404931A38E5690099AC9F /* Resources */ = {
			isa = PBXGroup;
			children = (
				87C404941A38E5690099AC9F /* PinterestSDKResources.bundle */,
			);
			path = Resources;
			sourceTree = "<group>";
		};
		87CCDCE11A4D12EF007B74CD /* InstagramTableViewController */ = {
			isa = PBXGroup;
			children = (
				8753480D1A36890900C55864 /* InstagramTableViewCell.h */,
				8753480E1A36890900C55864 /* InstagramTableViewCell.m */,
				8753480A1A36880D00C55864 /* InstagramTableViewController.h */,
				8753480B1A36880D00C55864 /* InstagramTableViewController.m */,
				875348131A368B2200C55864 /* InstagramPhoto.h */,
				875348141A368B2200C55864 /* InstagramPhoto.m */,
			);
			name = InstagramTableViewController;
			sourceTree = "<group>";
		};
		87CCDCE21A4D133C007B74CD /* SketchBookTableViewController */ = {
			isa = PBXGroup;
			children = (
				87CCDCDB1A4D09EB007B74CD /* SketchBookTableViewController.h */,
				87CCDCDC1A4D09EB007B74CD /* SketchBookTableViewController.m */,
				87CCDCDE1A4D0A0A007B74CD /* SketchBookClient.h */,
				87CCDCDF1A4D0A0A007B74CD /* SketchBookClient.m */,
			);
			name = SketchBookTableViewController;
			sourceTree = "<group>";
		};
		87CCDCE31A4D188E007B74CD /* Networking */ = {
			isa = PBXGroup;
			children = (
				875348101A36897100C55864 /* InstagramClient.h */,
				875348111A36897100C55864 /* InstagramClient.m */,
				87CCDCCF1A4CE306007B74CD /* SquareSpaceClient.h */,
				87CCDCD01A4CE306007B74CD /* SquareSpaceClient.m */,
			);
			name = Networking;
			sourceTree = "<group>";
		};
		87CCDCE41A4D18B1007B74CD /* SideBar */ = {
			isa = PBXGroup;
			children = (
				875794C81A3C07120073B429 /* SideBarRootViewController.h */,
				875794C91A3C07120073B429 /* SideBarRootViewController.m */,
				8712E63F1A3BDF56009B6792 /* LeftMenuViewController.h */,
				8712E6401A3BDF56009B6792 /* LeftMenuViewController.m */,
			);
			name = SideBar;
			sourceTree = "<group>";
		};
		87CCDCE51A4D18E4007B74CD /* ProfileVIewController */ = {
			isa = PBXGroup;
			children = (
				875794CB1A3E2AC20073B429 /* ProfileViewController.h */,
				875794CC1A3E2AC20073B429 /* ProfileViewController.m */,
				876EE59C1A43769700036D57 /* ResumeDetailViewController.h */,
				876EE59D1A43769700036D57 /* ResumeDetailViewController.m */,
				87B9AFD21A47064300B8F3F4 /* ResumePDFViewController.h */,
				87B9AFD31A47064300B8F3F4 /* ResumePDFViewController.m */,
			);
			name = ProfileVIewController;
			sourceTree = "<group>";
		};
		87CCDCE61A4D20CF007B74CD /* PortfolioTableViewController */ = {
			isa = PBXGroup;
			children = (
				87CCDCD51A4CF32D007B74CD /* PortfolioTableViewController.h */,
				87CCDCD61A4CF32D007B74CD /* PortfolioTableViewController.m */,
			);
			name = PortfolioTableViewController;
			sourceTree = "<group>";
		};
/* End PBXGroup section */

/* Begin PBXNativeTarget section */
		8738580C1A3600BB000E4B32 /* SimonArt */ = {
			isa = PBXNativeTarget;
			buildConfigurationList = 873858301A3600BB000E4B32 /* Build configuration list for PBXNativeTarget "SimonArt" */;
			buildPhases = (
				873858091A3600BB000E4B32 /* Sources */,
				8738580A1A3600BB000E4B32 /* Frameworks */,
				8738580B1A3600BB000E4B32 /* Resources */,
			);
			buildRules = (
			);
			dependencies = (
			);
			name = SimonArt;
			productName = SimonArt;
			productReference = 8738580D1A3600BB000E4B32 /* SimonArt.app */;
			productType = "com.apple.product-type.application";
		};
		873858251A3600BB000E4B32 /* SimonArtTests */ = {
			isa = PBXNativeTarget;
			buildConfigurationList = 873858331A3600BB000E4B32 /* Build configuration list for PBXNativeTarget "SimonArtTests" */;
			buildPhases = (
				873858221A3600BB000E4B32 /* Sources */,
				873858231A3600BB000E4B32 /* Frameworks */,
				873858241A3600BB000E4B32 /* Resources */,
			);
			buildRules = (
			);
			dependencies = (
				873858281A3600BB000E4B32 /* PBXTargetDependency */,
			);
			name = SimonArtTests;
			productName = SimonArtTests;
			productReference = 873858261A3600BB000E4B32 /* SimonArtTests.xctest */;
			productType = "com.apple.product-type.bundle.unit-test";
		};
/* End PBXNativeTarget section */

/* Begin PBXProject section */
		873858051A3600BB000E4B32 /* Project object */ = {
			isa = PBXProject;
			attributes = {
				LastUpgradeCheck = 0610;
				ORGANIZATIONNAME = "Adam Cooper";
				TargetAttributes = {
					8738580C1A3600BB000E4B32 = {
						CreatedOnToolsVersion = 6.1.1;
					};
					873858251A3600BB000E4B32 = {
						CreatedOnToolsVersion = 6.1.1;
						TestTargetID = 8738580C1A3600BB000E4B32;
					};
				};
			};
			buildConfigurationList = 873858081A3600BB000E4B32 /* Build configuration list for PBXProject "SimonArt" */;
			compatibilityVersion = "Xcode 3.2";
			developmentRegion = English;
			hasScannedForEncodings = 0;
			knownRegions = (
				en,
				Base,
			);
			mainGroup = 873858041A3600BB000E4B32;
			productRefGroup = 8738580E1A3600BB000E4B32 /* Products */;
			projectDirPath = "";
			projectRoot = "";
			targets = (
				8738580C1A3600BB000E4B32 /* SimonArt */,
				873858251A3600BB000E4B32 /* SimonArtTests */,
			);
		};
/* End PBXProject section */

/* Begin PBXResourcesBuildPhase section */
		8738580B1A3600BB000E4B32 /* Resources */ = {
			isa = PBXResourcesBuildPhase;
			buildActionMask = 2147483647;
			files = (
				8738581C1A3600BB000E4B32 /* Main.storyboard in Resources */,
				873858211A3600BB000E4B32 /* LaunchScreen.xib in Resources */,
				8738581E1A3600BB000E4B32 /* Images.xcassets in Resources */,
				87C404961A38E5690099AC9F /* PinterestSDKResources.bundle in Resources */,
			);
			runOnlyForDeploymentPostprocessing = 0;
		};
		873858241A3600BB000E4B32 /* Resources */ = {
			isa = PBXResourcesBuildPhase;
			buildActionMask = 2147483647;
			files = (
			);
			runOnlyForDeploymentPostprocessing = 0;
		};
/* End PBXResourcesBuildPhase section */

/* Begin PBXSourcesBuildPhase section */
		873858091A3600BB000E4B32 /* Sources */ = {
			isa = PBXSourcesBuildPhase;
			buildActionMask = 2147483647;
			files = (
				8712E6411A3BDF56009B6792 /* LeftMenuViewController.m in Sources */,
				8753480C1A36880D00C55864 /* InstagramTableViewController.m in Sources */,
				8743AD961A4E15D80060951B /* ContentViewController.m in Sources */,
				875794CD1A3E2AC20073B429 /* ProfileViewController.m in Sources */,
				87C404461A38BB730099AC9F /* CustomShareButton.m in Sources */,
				87CCDCDD1A4D09EB007B74CD /* SketchBookTableViewController.m in Sources */,
				875794CA1A3C07120073B429 /* SideBarRootViewController.m in Sources */,
				8712E63A1A3BDDE4009B6792 /* RESideMenu.m in Sources */,
				8753480F1A36890900C55864 /* InstagramTableViewCell.m in Sources */,
				875348151A368B2200C55864 /* InstagramPhoto.m in Sources */,
				8743AE101A4E44810060951B /* IntroLoadingVIew.m in Sources */,
				87B9AFD41A47064300B8F3F4 /* ResumePDFViewController.m in Sources */,
				875794D01A3E36FE0073B429 /* ShareView.m in Sources */,
				87CCDCD11A4CE306007B74CD /* SquareSpaceClient.m in Sources */,
				873858161A3600BB000E4B32 /* AppDelegate.m in Sources */,
				87CCDCD71A4CF32D007B74CD /* PortfolioTableViewController.m in Sources */,
				873858131A3600BB000E4B32 /* main.m in Sources */,
				87CCDCD41A4CE577007B74CD /* SquarePhoto.m in Sources */,
				875794D31A3F7C580073B429 /* ContactViewController.m in Sources */,
				87CCDCE01A4D0A0A007B74CD /* SketchBookClient.m in Sources */,
				875348121A36897100C55864 /* InstagramClient.m in Sources */,
				876EE59E1A43769700036D57 /* ResumeDetailViewController.m in Sources */,
				8712E6391A3BDDE4009B6792 /* RECommonFunctions.m in Sources */,
				87CCDCDA1A4CF5DD007B74CD /* SquareSpaceTableViewCell.m in Sources */,
				8712E63B1A3BDDE4009B6792 /* UIViewController+RESideMenu.m in Sources */,
			);
			runOnlyForDeploymentPostprocessing = 0;
		};
		873858221A3600BB000E4B32 /* Sources */ = {
			isa = PBXSourcesBuildPhase;
			buildActionMask = 2147483647;
			files = (
				8738582D1A3600BB000E4B32 /* SimonArtTests.m in Sources */,
			);
			runOnlyForDeploymentPostprocessing = 0;
		};
/* End PBXSourcesBuildPhase section */

/* Begin PBXTargetDependency section */
		873858281A3600BB000E4B32 /* PBXTargetDependency */ = {
			isa = PBXTargetDependency;
			target = 8738580C1A3600BB000E4B32 /* SimonArt */;
			targetProxy = 873858271A3600BB000E4B32 /* PBXContainerItemProxy */;
		};
/* End PBXTargetDependency section */

/* Begin PBXVariantGroup section */
		8738581A1A3600BB000E4B32 /* Main.storyboard */ = {
			isa = PBXVariantGroup;
			children = (
				8738581B1A3600BB000E4B32 /* Base */,
			);
			name = Main.storyboard;
			sourceTree = "<group>";
		};
		8738581F1A3600BB000E4B32 /* LaunchScreen.xib */ = {
			isa = PBXVariantGroup;
			children = (
				873858201A3600BB000E4B32 /* Base */,
			);
			name = LaunchScreen.xib;
			sourceTree = "<group>";
		};
/* End PBXVariantGroup section */

/* Begin XCBuildConfiguration section */
		8738582E1A3600BB000E4B32 /* Debug */ = {
			isa = XCBuildConfiguration;
			buildSettings = {
				ALWAYS_SEARCH_USER_PATHS = NO;
				CLANG_CXX_LANGUAGE_STANDARD = "gnu++0x";
				CLANG_CXX_LIBRARY = "libc++";
				CLANG_ENABLE_MODULES = YES;
				CLANG_ENABLE_OBJC_ARC = YES;
				CLANG_WARN_BOOL_CONVERSION = YES;
				CLANG_WARN_CONSTANT_CONVERSION = YES;
				CLANG_WARN_DIRECT_OBJC_ISA_USAGE = YES_ERROR;
				CLANG_WARN_EMPTY_BODY = YES;
				CLANG_WARN_ENUM_CONVERSION = YES;
				CLANG_WARN_INT_CONVERSION = YES;
				CLANG_WARN_OBJC_ROOT_CLASS = YES_ERROR;
				CLANG_WARN_UNREACHABLE_CODE = YES;
				CLANG_WARN__DUPLICATE_METHOD_MATCH = YES;
				"CODE_SIGN_IDENTITY[sdk=iphoneos*]" = "iPhone Developer";
				COPY_PHASE_STRIP = NO;
				ENABLE_STRICT_OBJC_MSGSEND = YES;
				GCC_C_LANGUAGE_STANDARD = gnu99;
				GCC_DYNAMIC_NO_PIC = NO;
				GCC_OPTIMIZATION_LEVEL = 0;
				GCC_PREPROCESSOR_DEFINITIONS = (
					"DEBUG=1",
					"$(inherited)",
				);
				GCC_SYMBOLS_PRIVATE_EXTERN = NO;
				GCC_WARN_64_TO_32_BIT_CONVERSION = YES;
				GCC_WARN_ABOUT_RETURN_TYPE = YES_ERROR;
				GCC_WARN_UNDECLARED_SELECTOR = YES;
				GCC_WARN_UNINITIALIZED_AUTOS = YES_AGGRESSIVE;
				GCC_WARN_UNUSED_FUNCTION = YES;
				GCC_WARN_UNUSED_VARIABLE = YES;
				IPHONEOS_DEPLOYMENT_TARGET = 8.1;
				MTL_ENABLE_DEBUG_INFO = YES;
				ONLY_ACTIVE_ARCH = YES;
				SDKROOT = iphoneos;
				TARGETED_DEVICE_FAMILY = "1,2";
			};
			name = Debug;
		};
		8738582F1A3600BB000E4B32 /* Release */ = {
			isa = XCBuildConfiguration;
			buildSettings = {
				ALWAYS_SEARCH_USER_PATHS = NO;
				CLANG_CXX_LANGUAGE_STANDARD = "gnu++0x";
				CLANG_CXX_LIBRARY = "libc++";
				CLANG_ENABLE_MODULES = YES;
				CLANG_ENABLE_OBJC_ARC = YES;
				CLANG_WARN_BOOL_CONVERSION = YES;
				CLANG_WARN_CONSTANT_CONVERSION = YES;
				CLANG_WARN_DIRECT_OBJC_ISA_USAGE = YES_ERROR;
				CLANG_WARN_EMPTY_BODY = YES;
				CLANG_WARN_ENUM_CONVERSION = YES;
				CLANG_WARN_INT_CONVERSION = YES;
				CLANG_WARN_OBJC_ROOT_CLASS = YES_ERROR;
				CLANG_WARN_UNREACHABLE_CODE = YES;
				CLANG_WARN__DUPLICATE_METHOD_MATCH = YES;
				"CODE_SIGN_IDENTITY[sdk=iphoneos*]" = "iPhone Developer";
				COPY_PHASE_STRIP = YES;
				ENABLE_NS_ASSERTIONS = NO;
				ENABLE_STRICT_OBJC_MSGSEND = YES;
				GCC_C_LANGUAGE_STANDARD = gnu99;
				GCC_WARN_64_TO_32_BIT_CONVERSION = YES;
				GCC_WARN_ABOUT_RETURN_TYPE = YES_ERROR;
				GCC_WARN_UNDECLARED_SELECTOR = YES;
				GCC_WARN_UNINITIALIZED_AUTOS = YES_AGGRESSIVE;
				GCC_WARN_UNUSED_FUNCTION = YES;
				GCC_WARN_UNUSED_VARIABLE = YES;
				IPHONEOS_DEPLOYMENT_TARGET = 8.1;
				MTL_ENABLE_DEBUG_INFO = NO;
				SDKROOT = iphoneos;
				TARGETED_DEVICE_FAMILY = "1,2";
				VALIDATE_PRODUCT = YES;
			};
			name = Release;
		};
		873858311A3600BB000E4B32 /* Debug */ = {
			isa = XCBuildConfiguration;
			buildSettings = {
				ASSETCATALOG_COMPILER_APPICON_NAME = AppIcon;
				ASSETCATALOG_COMPILER_LAUNCHIMAGE_NAME = LaunchImage;
				FRAMEWORK_SEARCH_PATHS = (
					"$(inherited)",
					"$(PROJECT_DIR)/Pinterest.embeddedframework",
					"$(PROJECT_DIR)/SimonArt",
				);
				INFOPLIST_FILE = SimonArt/Info.plist;
				LD_RUNPATH_SEARCH_PATHS = "$(inherited) @executable_path/Frameworks";
				PRODUCT_NAME = "$(TARGET_NAME)";
				TARGETED_DEVICE_FAMILY = 1;
			};
			name = Debug;
		};
		873858321A3600BB000E4B32 /* Release */ = {
			isa = XCBuildConfiguration;
			buildSettings = {
				ASSETCATALOG_COMPILER_APPICON_NAME = AppIcon;
				ASSETCATALOG_COMPILER_LAUNCHIMAGE_NAME = LaunchImage;
				FRAMEWORK_SEARCH_PATHS = (
					"$(inherited)",
					"$(PROJECT_DIR)/Pinterest.embeddedframework",
					"$(PROJECT_DIR)/SimonArt",
				);
				INFOPLIST_FILE = SimonArt/Info.plist;
				LD_RUNPATH_SEARCH_PATHS = "$(inherited) @executable_path/Frameworks";
				PRODUCT_NAME = "$(TARGET_NAME)";
				TARGETED_DEVICE_FAMILY = 1;
			};
			name = Release;
		};
		873858341A3600BB000E4B32 /* Debug */ = {
			isa = XCBuildConfiguration;
			buildSettings = {
				BUNDLE_LOADER = "$(TEST_HOST)";
				FRAMEWORK_SEARCH_PATHS = (
					"$(SDKROOT)/Developer/Library/Frameworks",
					"$(inherited)",
				);
				GCC_PREPROCESSOR_DEFINITIONS = (
					"DEBUG=1",
					"$(inherited)",
				);
				INFOPLIST_FILE = SimonArtTests/Info.plist;
				LD_RUNPATH_SEARCH_PATHS = "$(inherited) @executable_path/Frameworks @loader_path/Frameworks";
				PRODUCT_NAME = "$(TARGET_NAME)";
				TEST_HOST = "$(BUILT_PRODUCTS_DIR)/SimonArt.app/SimonArt";
			};
			name = Debug;
		};
		873858351A3600BB000E4B32 /* Release */ = {
			isa = XCBuildConfiguration;
			buildSettings = {
				BUNDLE_LOADER = "$(TEST_HOST)";
				FRAMEWORK_SEARCH_PATHS = (
					"$(SDKROOT)/Developer/Library/Frameworks",
					"$(inherited)",
				);
				INFOPLIST_FILE = SimonArtTests/Info.plist;
				LD_RUNPATH_SEARCH_PATHS = "$(inherited) @executable_path/Frameworks @loader_path/Frameworks";
				PRODUCT_NAME = "$(TARGET_NAME)";
				TEST_HOST = "$(BUILT_PRODUCTS_DIR)/SimonArt.app/SimonArt";
			};
			name = Release;
		};
/* End XCBuildConfiguration section */

/* Begin XCConfigurationList section */
		873858081A3600BB000E4B32 /* Build configuration list for PBXProject "SimonArt" */ = {
			isa = XCConfigurationList;
			buildConfigurations = (
				8738582E1A3600BB000E4B32 /* Debug */,
				8738582F1A3600BB000E4B32 /* Release */,
			);
			defaultConfigurationIsVisible = 0;
			defaultConfigurationName = Release;
		};
		873858301A3600BB000E4B32 /* Build configuration list for PBXNativeTarget "SimonArt" */ = {
			isa = XCConfigurationList;
			buildConfigurations = (
				873858311A3600BB000E4B32 /* Debug */,
				873858321A3600BB000E4B32 /* Release */,
			);
			defaultConfigurationIsVisible = 0;
			defaultConfigurationName = Release;
		};
		873858331A3600BB000E4B32 /* Build configuration list for PBXNativeTarget "SimonArtTests" */ = {
			isa = XCConfigurationList;
			buildConfigurations = (
				873858341A3600BB000E4B32 /* Debug */,
				873858351A3600BB000E4B32 /* Release */,
			);
			defaultConfigurationIsVisible = 0;
			defaultConfigurationName = Release;
		};
/* End XCConfigurationList section */
	};
	rootObject = 873858051A3600BB000E4B32 /* Project object */;
}
